// !$*UTF8*$!
{
	archiveVersion = 1;
	classes = {
	};
	objectVersion = 56;
	objects = {

/* Begin PBXBuildFile section */
		379AA5972CF1A94B0098505A /* SuperJakApp.swift in Sources */ = {isa = PBXBuildFile; fileRef = 379AA5962CF1A94B0098505A /* SuperJakApp.swift */; };
		379AA5992CF1A94B0098505A /* ContentView.swift in Sources */ = {isa = PBXBuildFile; fileRef = 379AA5982CF1A94B0098505A /* ContentView.swift */; };
		379AA59B2CF1A94B0098505A /* Item.swift in Sources */ = {isa = PBXBuildFile; fileRef = 379AA59A2CF1A94B0098505A /* Item.swift */; };
		379AA59D2CF1A94D0098505A /* Assets.xcassets in Resources */ = {isa = PBXBuildFile; fileRef = 379AA59C2CF1A94D0098505A /* Assets.xcassets */; };
		379AA5A02CF1A94D0098505A /* Preview Assets.xcassets in Resources */ = {isa = PBXBuildFile; fileRef = 379AA59F2CF1A94D0098505A /* Preview Assets.xcassets */; };
		379AA5AA2CF1A94E0098505A /* SuperJakTests.swift in Sources */ = {isa = PBXBuildFile; fileRef = 379AA5A92CF1A94E0098505A /* SuperJakTests.swift */; };
		379AA5B42CF1A94E0098505A /* SuperJakUITests.swift in Sources */ = {isa = PBXBuildFile; fileRef = 379AA5B32CF1A94E0098505A /* SuperJakUITests.swift */; };
		379AA5B62CF1A94E0098505A /* SuperJakUITestsLaunchTests.swift in Sources */ = {isa = PBXBuildFile; fileRef = 379AA5B52CF1A94E0098505A /* SuperJakUITestsLaunchTests.swift */; };
		37CDA1C32CF1B5DA0060679F /* ContentView.swift in Sources */ = {isa = PBXBuildFile; fileRef = 379AA5982CF1A94B0098505A /* ContentView.swift */; };
		37CDA1C42CF1B5DA0060679F /* Item.swift in Sources */ = {isa = PBXBuildFile; fileRef = 379AA59A2CF1A94B0098505A /* Item.swift */; };
		37CDA1C52CF1B5DA0060679F /* SuperJakApp.swift in Sources */ = {isa = PBXBuildFile; fileRef = 379AA5962CF1A94B0098505A /* SuperJakApp.swift */; };
		37CDA1C82CF1B5DA0060679F /* Preview Assets.xcassets in Resources */ = {isa = PBXBuildFile; fileRef = 379AA59F2CF1A94D0098505A /* Preview Assets.xcassets */; };
		37CDA1C92CF1B5DA0060679F /* Assets.xcassets in Resources */ = {isa = PBXBuildFile; fileRef = 379AA59C2CF1A94D0098505A /* Assets.xcassets */; };
		37CDA1D42CF1B6A20060679F /* ContentView.swift in Sources */ = {isa = PBXBuildFile; fileRef = 379AA5982CF1A94B0098505A /* ContentView.swift */; };
		37CDA1D52CF1B6A20060679F /* Item.swift in Sources */ = {isa = PBXBuildFile; fileRef = 379AA59A2CF1A94B0098505A /* Item.swift */; };
		37CDA1D62CF1B6A20060679F /* SuperJakApp.swift in Sources */ = {isa = PBXBuildFile; fileRef = 379AA5962CF1A94B0098505A /* SuperJakApp.swift */; };
		37CDA1D92CF1B6A20060679F /* Preview Assets.xcassets in Resources */ = {isa = PBXBuildFile; fileRef = 379AA59F2CF1A94D0098505A /* Preview Assets.xcassets */; };
		37CDA1DA2CF1B6A20060679F /* Assets.xcassets in Resources */ = {isa = PBXBuildFile; fileRef = 379AA59C2CF1A94D0098505A /* Assets.xcassets */; };
		37E18F802CF1FB8700177D8F /* netfox in Frameworks */ = {isa = PBXBuildFile; productRef = 37E18F7F2CF1FB8700177D8F /* netfox */; };
		37E18F822CF1FB9C00177D8F /* netfox in Frameworks */ = {isa = PBXBuildFile; productRef = 37E18F812CF1FB9C00177D8F /* netfox */; };
/* End PBXBuildFile section */

/* Begin PBXContainerItemProxy section */
		375AE4FC2D1F17BF0007C1A9 /* PBXContainerItemProxy */ = {
			isa = PBXContainerItemProxy;
			containerPortal = 379AA58B2CF1A94B0098505A /* Project object */;
			proxyType = 1;
			remoteGlobalIDString = 37CDA1D22CF1B6A20060679F;
			remoteInfo = "SuperJak SIT";
		};
		375AE4FE2D1F17C30007C1A9 /* PBXContainerItemProxy */ = {
			isa = PBXContainerItemProxy;
			containerPortal = 379AA58B2CF1A94B0098505A /* Project object */;
			proxyType = 1;
			remoteGlobalIDString = 37CDA1D22CF1B6A20060679F;
			remoteInfo = "SuperJak SIT";
		};
		379AA5A62CF1A94E0098505A /* PBXContainerItemProxy */ = {
			isa = PBXContainerItemProxy;
			containerPortal = 379AA58B2CF1A94B0098505A /* Project object */;
			proxyType = 1;
			remoteGlobalIDString = 379AA5922CF1A94B0098505A;
			remoteInfo = SuperJak;
		};
		379AA5B02CF1A94E0098505A /* PBXContainerItemProxy */ = {
			isa = PBXContainerItemProxy;
			containerPortal = 379AA58B2CF1A94B0098505A /* Project object */;
			proxyType = 1;
			remoteGlobalIDString = 379AA5922CF1A94B0098505A;
			remoteInfo = SuperJak;
		};
/* End PBXContainerItemProxy section */

/* Begin PBXFileReference section */
		376AA7BE2D185DB20015CA35 /* SuperJak SIT Test Plan.xctestplan */ = {isa = PBXFileReference; lastKnownFileType = text; path = "SuperJak SIT Test Plan.xctestplan"; sourceTree = "<group>"; };
		379AA5932CF1A94B0098505A /* SuperJak.app */ = {isa = PBXFileReference; explicitFileType = wrapper.application; includeInIndex = 0; path = SuperJak.app; sourceTree = BUILT_PRODUCTS_DIR; };
		379AA5962CF1A94B0098505A /* SuperJakApp.swift */ = {isa = PBXFileReference; lastKnownFileType = sourcecode.swift; path = SuperJakApp.swift; sourceTree = "<group>"; };
		379AA5982CF1A94B0098505A /* ContentView.swift */ = {isa = PBXFileReference; lastKnownFileType = sourcecode.swift; path = ContentView.swift; sourceTree = "<group>"; };
		379AA59A2CF1A94B0098505A /* Item.swift */ = {isa = PBXFileReference; lastKnownFileType = sourcecode.swift; path = Item.swift; sourceTree = "<group>"; };
		379AA59C2CF1A94D0098505A /* Assets.xcassets */ = {isa = PBXFileReference; lastKnownFileType = folder.assetcatalog; path = Assets.xcassets; sourceTree = "<group>"; };
		379AA59F2CF1A94D0098505A /* Preview Assets.xcassets */ = {isa = PBXFileReference; lastKnownFileType = folder.assetcatalog; path = "Preview Assets.xcassets"; sourceTree = "<group>"; };
		379AA5A52CF1A94E0098505A /* SuperJakTests.xctest */ = {isa = PBXFileReference; explicitFileType = wrapper.cfbundle; includeInIndex = 0; path = SuperJakTests.xctest; sourceTree = BUILT_PRODUCTS_DIR; };
		379AA5A92CF1A94E0098505A /* SuperJakTests.swift */ = {isa = PBXFileReference; lastKnownFileType = sourcecode.swift; path = SuperJakTests.swift; sourceTree = "<group>"; };
		379AA5AF2CF1A94E0098505A /* SuperJakUITests.xctest */ = {isa = PBXFileReference; explicitFileType = wrapper.cfbundle; includeInIndex = 0; path = SuperJakUITests.xctest; sourceTree = BUILT_PRODUCTS_DIR; };
		379AA5B32CF1A94E0098505A /* SuperJakUITests.swift */ = {isa = PBXFileReference; lastKnownFileType = sourcecode.swift; path = SuperJakUITests.swift; sourceTree = "<group>"; };
		379AA5B52CF1A94E0098505A /* SuperJakUITestsLaunchTests.swift */ = {isa = PBXFileReference; lastKnownFileType = sourcecode.swift; path = SuperJakUITestsLaunchTests.swift; sourceTree = "<group>"; };
		379AA5C42CF1A9AA0098505A /* Dev.xcconfig */ = {isa = PBXFileReference; lastKnownFileType = text.xcconfig; path = Dev.xcconfig; sourceTree = "<group>"; };
		379AA5C62CF1AA3E0098505A /* SIT.xcconfig */ = {isa = PBXFileReference; lastKnownFileType = text.xcconfig; path = SIT.xcconfig; sourceTree = "<group>"; };
		379AA5C82CF1AA740098505A /* Prod.xcconfig */ = {isa = PBXFileReference; lastKnownFileType = text.xcconfig; path = Prod.xcconfig; sourceTree = "<group>"; };
		37CDA1D12CF1B5DA0060679F /* SuperJak Dev.app */ = {isa = PBXFileReference; explicitFileType = wrapper.application; includeInIndex = 0; path = "SuperJak Dev.app"; sourceTree = BUILT_PRODUCTS_DIR; };
		37CDA1E22CF1B6A20060679F /* SuperJak SIT.app */ = {isa = PBXFileReference; explicitFileType = wrapper.application; includeInIndex = 0; path = "SuperJak SIT.app"; sourceTree = BUILT_PRODUCTS_DIR; };
		37CDA1E32CF1BB8C0060679F /* SuperJak-Dev-Info.plist */ = {isa = PBXFileReference; lastKnownFileType = text.plist; path = "SuperJak-Dev-Info.plist"; sourceTree = "<group>"; };
		37CDA1E42CF1BC300060679F /* SuperJak-SIT-Info.plist */ = {isa = PBXFileReference; lastKnownFileType = text.plist; path = "SuperJak-SIT-Info.plist"; sourceTree = "<group>"; };
		37CDA1E52CF1BC3D0060679F /* Info.plist */ = {isa = PBXFileReference; lastKnownFileType = text.plist; path = Info.plist; sourceTree = "<group>"; };
/* End PBXFileReference section */

/* Begin PBXFrameworksBuildPhase section */
		379AA5902CF1A94B0098505A /* Frameworks */ = {
			isa = PBXFrameworksBuildPhase;
			buildActionMask = 2147483647;
			files = (
			);
			runOnlyForDeploymentPostprocessing = 0;
		};
		379AA5A22CF1A94E0098505A /* Frameworks */ = {
			isa = PBXFrameworksBuildPhase;
			buildActionMask = 2147483647;
			files = (
			);
			runOnlyForDeploymentPostprocessing = 0;
		};
		379AA5AC2CF1A94E0098505A /* Frameworks */ = {
			isa = PBXFrameworksBuildPhase;
			buildActionMask = 2147483647;
			files = (
			);
			runOnlyForDeploymentPostprocessing = 0;
		};
		37CDA1C62CF1B5DA0060679F /* Frameworks */ = {
			isa = PBXFrameworksBuildPhase;
			buildActionMask = 2147483647;
			files = (
				37E18F802CF1FB8700177D8F /* netfox in Frameworks */,
			);
			runOnlyForDeploymentPostprocessing = 0;
		};
		37CDA1D72CF1B6A20060679F /* Frameworks */ = {
			isa = PBXFrameworksBuildPhase;
			buildActionMask = 2147483647;
			files = (
				37E18F822CF1FB9C00177D8F /* netfox in Frameworks */,
			);
			runOnlyForDeploymentPostprocessing = 0;
		};
/* End PBXFrameworksBuildPhase section */

/* Begin PBXGroup section */
		379AA58A2CF1A94B0098505A = {
			isa = PBXGroup;
			children = (
				376AA7BE2D185DB20015CA35 /* SuperJak SIT Test Plan.xctestplan */,
				37CDA1E42CF1BC300060679F /* SuperJak-SIT-Info.plist */,
				37CDA1E32CF1BB8C0060679F /* SuperJak-Dev-Info.plist */,
				379AA5952CF1A94B0098505A /* SuperJak */,
				379AA5A82CF1A94E0098505A /* SuperJakTests */,
				379AA5B22CF1A94E0098505A /* SuperJakUITests */,
				379AA5942CF1A94B0098505A /* Products */,
			);
			sourceTree = "<group>";
		};
		379AA5942CF1A94B0098505A /* Products */ = {
			isa = PBXGroup;
			children = (
				379AA5932CF1A94B0098505A /* SuperJak.app */,
				379AA5A52CF1A94E0098505A /* SuperJakTests.xctest */,
				379AA5AF2CF1A94E0098505A /* SuperJakUITests.xctest */,
				37CDA1D12CF1B5DA0060679F /* SuperJak Dev.app */,
				37CDA1E22CF1B6A20060679F /* SuperJak SIT.app */,
			);
			name = Products;
			sourceTree = "<group>";
		};
		379AA5952CF1A94B0098505A /* SuperJak */ = {
			isa = PBXGroup;
			children = (
				37CDA1E52CF1BC3D0060679F /* Info.plist */,
				379AA5C22CF1A97E0098505A /* Common */,
				379AA5962CF1A94B0098505A /* SuperJakApp.swift */,
				379AA5982CF1A94B0098505A /* ContentView.swift */,
				379AA59A2CF1A94B0098505A /* Item.swift */,
				379AA59C2CF1A94D0098505A /* Assets.xcassets */,
				379AA59E2CF1A94D0098505A /* Preview Content */,
			);
			path = SuperJak;
			sourceTree = "<group>";
		};
		379AA59E2CF1A94D0098505A /* Preview Content */ = {
			isa = PBXGroup;
			children = (
				379AA59F2CF1A94D0098505A /* Preview Assets.xcassets */,
			);
			path = "Preview Content";
			sourceTree = "<group>";
		};
		379AA5A82CF1A94E0098505A /* SuperJakTests */ = {
			isa = PBXGroup;
			children = (
				379AA5A92CF1A94E0098505A /* SuperJakTests.swift */,
			);
			path = SuperJakTests;
			sourceTree = "<group>";
		};
		379AA5B22CF1A94E0098505A /* SuperJakUITests */ = {
			isa = PBXGroup;
			children = (
				379AA5B32CF1A94E0098505A /* SuperJakUITests.swift */,
				379AA5B52CF1A94E0098505A /* SuperJakUITestsLaunchTests.swift */,
			);
			path = SuperJakUITests;
			sourceTree = "<group>";
		};
		379AA5C22CF1A97E0098505A /* Common */ = {
			isa = PBXGroup;
			children = (
				379AA5C32CF1A9850098505A /* Configuration */,
			);
			path = Common;
			sourceTree = "<group>";
		};
		379AA5C32CF1A9850098505A /* Configuration */ = {
			isa = PBXGroup;
			children = (
				379AA5C42CF1A9AA0098505A /* Dev.xcconfig */,
				379AA5C62CF1AA3E0098505A /* SIT.xcconfig */,
				379AA5C82CF1AA740098505A /* Prod.xcconfig */,
			);
			path = Configuration;
			sourceTree = "<group>";
		};
/* End PBXGroup section */

/* Begin PBXNativeTarget section */
		379AA5922CF1A94B0098505A /* SuperJak */ = {
			isa = PBXNativeTarget;
			buildConfigurationList = 379AA5B92CF1A94E0098505A /* Build configuration list for PBXNativeTarget "SuperJak" */;
			buildPhases = (
				379AA58F2CF1A94B0098505A /* Sources */,
				379AA5902CF1A94B0098505A /* Frameworks */,
				379AA5912CF1A94B0098505A /* Resources */,
			);
			buildRules = (
			);
			dependencies = (
			);
			name = SuperJak;
			productName = SuperJak;
			productReference = 379AA5932CF1A94B0098505A /* SuperJak.app */;
			productType = "com.apple.product-type.application";
		};
		379AA5A42CF1A94E0098505A /* SuperJakTests */ = {
			isa = PBXNativeTarget;
			buildConfigurationList = 379AA5BC2CF1A94E0098505A /* Build configuration list for PBXNativeTarget "SuperJakTests" */;
			buildPhases = (
				379AA5A12CF1A94E0098505A /* Sources */,
				379AA5A22CF1A94E0098505A /* Frameworks */,
				379AA5A32CF1A94E0098505A /* Resources */,
			);
			buildRules = (
			);
			dependencies = (
				379AA5A72CF1A94E0098505A /* PBXTargetDependency */,
				375AE4FD2D1F17BF0007C1A9 /* PBXTargetDependency */,
			);
			name = SuperJakTests;
			productName = SuperJakTests;
			productReference = 379AA5A52CF1A94E0098505A /* SuperJakTests.xctest */;
			productType = "com.apple.product-type.bundle.unit-test";
		};
		379AA5AE2CF1A94E0098505A /* SuperJakUITests */ = {
			isa = PBXNativeTarget;
			buildConfigurationList = 379AA5BF2CF1A94E0098505A /* Build configuration list for PBXNativeTarget "SuperJakUITests" */;
			buildPhases = (
				379AA5AB2CF1A94E0098505A /* Sources */,
				379AA5AC2CF1A94E0098505A /* Frameworks */,
				379AA5AD2CF1A94E0098505A /* Resources */,
			);
			buildRules = (
			);
			dependencies = (
				379AA5B12CF1A94E0098505A /* PBXTargetDependency */,
				375AE4FF2D1F17C30007C1A9 /* PBXTargetDependency */,
			);
			name = SuperJakUITests;
			productName = SuperJakUITests;
			productReference = 379AA5AF2CF1A94E0098505A /* SuperJakUITests.xctest */;
			productType = "com.apple.product-type.bundle.ui-testing";
		};
		37CDA1C12CF1B5DA0060679F /* SuperJak Dev */ = {
			isa = PBXNativeTarget;
			buildConfigurationList = 37CDA1CD2CF1B5DA0060679F /* Build configuration list for PBXNativeTarget "SuperJak Dev" */;
			buildPhases = (
				37CDA1C22CF1B5DA0060679F /* Sources */,
				37CDA1C62CF1B5DA0060679F /* Frameworks */,
				37CDA1C72CF1B5DA0060679F /* Resources */,
			);
			buildRules = (
			);
			dependencies = (
			);
			name = "SuperJak Dev";
			packageProductDependencies = (
				37E18F7F2CF1FB8700177D8F /* netfox */,
			);
			productName = SuperJak;
			productReference = 37CDA1D12CF1B5DA0060679F /* SuperJak Dev.app */;
			productType = "com.apple.product-type.application";
		};
		37CDA1D22CF1B6A20060679F /* SuperJak SIT */ = {
			isa = PBXNativeTarget;
			buildConfigurationList = 37CDA1DE2CF1B6A20060679F /* Build configuration list for PBXNativeTarget "SuperJak SIT" */;
			buildPhases = (
				37CDA1D32CF1B6A20060679F /* Sources */,
				37CDA1D72CF1B6A20060679F /* Frameworks */,
				37CDA1D82CF1B6A20060679F /* Resources */,
			);
			buildRules = (
			);
			dependencies = (
			);
			name = "SuperJak SIT";
			packageProductDependencies = (
				37E18F812CF1FB9C00177D8F /* netfox */,
			);
			productName = SuperJak;
			productReference = 37CDA1E22CF1B6A20060679F /* SuperJak SIT.app */;
			productType = "com.apple.product-type.application";
		};
/* End PBXNativeTarget section */

/* Begin PBXProject section */
		379AA58B2CF1A94B0098505A /* Project object */ = {
			isa = PBXProject;
			attributes = {
				BuildIndependentTargetsInParallel = 1;
				LastSwiftUpdateCheck = 1540;
				LastUpgradeCheck = 1620;
				TargetAttributes = {
					379AA5922CF1A94B0098505A = {
						CreatedOnToolsVersion = 15.4;
					};
					379AA5A42CF1A94E0098505A = {
						CreatedOnToolsVersion = 15.4;
						TestTargetID = 37CDA1D22CF1B6A20060679F;
					};
					379AA5AE2CF1A94E0098505A = {
						CreatedOnToolsVersion = 15.4;
						TestTargetID = 37CDA1D22CF1B6A20060679F;
					};
				};
			};
			buildConfigurationList = 379AA58E2CF1A94B0098505A /* Build configuration list for PBXProject "SuperJak" */;
			compatibilityVersion = "Xcode 14.0";
			developmentRegion = en;
			hasScannedForEncodings = 0;
			knownRegions = (
				en,
				Base,
			);
			mainGroup = 379AA58A2CF1A94B0098505A;
			packageReferences = (
				37E18F7E2CF1FB8700177D8F /* XCRemoteSwiftPackageReference "netfox" */,
				37E18F832CF1FCA000177D8F /* XCRemoteSwiftPackageReference "SwiftLintPlugins" */,
			);
			productRefGroup = 379AA5942CF1A94B0098505A /* Products */;
			projectDirPath = "";
			projectRoot = "";
			targets = (
				37CDA1C12CF1B5DA0060679F /* SuperJak Dev */,
				37CDA1D22CF1B6A20060679F /* SuperJak SIT */,
				379AA5922CF1A94B0098505A /* SuperJak */,
				379AA5A42CF1A94E0098505A /* SuperJakTests */,
				379AA5AE2CF1A94E0098505A /* SuperJakUITests */,
			);
		};
/* End PBXProject section */

/* Begin PBXResourcesBuildPhase section */
		379AA5912CF1A94B0098505A /* Resources */ = {
			isa = PBXResourcesBuildPhase;
			buildActionMask = 2147483647;
			files = (
				379AA5A02CF1A94D0098505A /* Preview Assets.xcassets in Resources */,
				379AA59D2CF1A94D0098505A /* Assets.xcassets in Resources */,
			);
			runOnlyForDeploymentPostprocessing = 0;
		};
		379AA5A32CF1A94E0098505A /* Resources */ = {
			isa = PBXResourcesBuildPhase;
			buildActionMask = 2147483647;
			files = (
			);
			runOnlyForDeploymentPostprocessing = 0;
		};
		379AA5AD2CF1A94E0098505A /* Resources */ = {
			isa = PBXResourcesBuildPhase;
			buildActionMask = 2147483647;
			files = (
			);
			runOnlyForDeploymentPostprocessing = 0;
		};
		37CDA1C72CF1B5DA0060679F /* Resources */ = {
			isa = PBXResourcesBuildPhase;
			buildActionMask = 2147483647;
			files = (
				37CDA1C82CF1B5DA0060679F /* Preview Assets.xcassets in Resources */,
				37CDA1C92CF1B5DA0060679F /* Assets.xcassets in Resources */,
			);
			runOnlyForDeploymentPostprocessing = 0;
		};
		37CDA1D82CF1B6A20060679F /* Resources */ = {
			isa = PBXResourcesBuildPhase;
			buildActionMask = 2147483647;
			files = (
				37CDA1D92CF1B6A20060679F /* Preview Assets.xcassets in Resources */,
				37CDA1DA2CF1B6A20060679F /* Assets.xcassets in Resources */,
			);
			runOnlyForDeploymentPostprocessing = 0;
		};
/* End PBXResourcesBuildPhase section */

/* Begin PBXSourcesBuildPhase section */
		379AA58F2CF1A94B0098505A /* Sources */ = {
			isa = PBXSourcesBuildPhase;
			buildActionMask = 2147483647;
			files = (
				379AA5992CF1A94B0098505A /* ContentView.swift in Sources */,
				379AA59B2CF1A94B0098505A /* Item.swift in Sources */,
				379AA5972CF1A94B0098505A /* SuperJakApp.swift in Sources */,
			);
			runOnlyForDeploymentPostprocessing = 0;
		};
		379AA5A12CF1A94E0098505A /* Sources */ = {
			isa = PBXSourcesBuildPhase;
			buildActionMask = 2147483647;
			files = (
				379AA5AA2CF1A94E0098505A /* SuperJakTests.swift in Sources */,
			);
			runOnlyForDeploymentPostprocessing = 0;
		};
		379AA5AB2CF1A94E0098505A /* Sources */ = {
			isa = PBXSourcesBuildPhase;
			buildActionMask = 2147483647;
			files = (
				379AA5B62CF1A94E0098505A /* SuperJakUITestsLaunchTests.swift in Sources */,
				379AA5B42CF1A94E0098505A /* SuperJakUITests.swift in Sources */,
			);
			runOnlyForDeploymentPostprocessing = 0;
		};
		37CDA1C22CF1B5DA0060679F /* Sources */ = {
			isa = PBXSourcesBuildPhase;
			buildActionMask = 2147483647;
			files = (
				37CDA1C32CF1B5DA0060679F /* ContentView.swift in Sources */,
				37CDA1C42CF1B5DA0060679F /* Item.swift in Sources */,
				37CDA1C52CF1B5DA0060679F /* SuperJakApp.swift in Sources */,
			);
			runOnlyForDeploymentPostprocessing = 0;
		};
		37CDA1D32CF1B6A20060679F /* Sources */ = {
			isa = PBXSourcesBuildPhase;
			buildActionMask = 2147483647;
			files = (
				37CDA1D42CF1B6A20060679F /* ContentView.swift in Sources */,
				37CDA1D52CF1B6A20060679F /* Item.swift in Sources */,
				37CDA1D62CF1B6A20060679F /* SuperJakApp.swift in Sources */,
			);
			runOnlyForDeploymentPostprocessing = 0;
		};
/* End PBXSourcesBuildPhase section */

/* Begin PBXTargetDependency section */
		375AE4FD2D1F17BF0007C1A9 /* PBXTargetDependency */ = {
			isa = PBXTargetDependency;
			target = 37CDA1D22CF1B6A20060679F /* SuperJak SIT */;
			targetProxy = 375AE4FC2D1F17BF0007C1A9 /* PBXContainerItemProxy */;
		};
		375AE4FF2D1F17C30007C1A9 /* PBXTargetDependency */ = {
			isa = PBXTargetDependency;
			target = 37CDA1D22CF1B6A20060679F /* SuperJak SIT */;
			targetProxy = 375AE4FE2D1F17C30007C1A9 /* PBXContainerItemProxy */;
		};
		379AA5A72CF1A94E0098505A /* PBXTargetDependency */ = {
			isa = PBXTargetDependency;
			target = 379AA5922CF1A94B0098505A /* SuperJak */;
			targetProxy = 379AA5A62CF1A94E0098505A /* PBXContainerItemProxy */;
		};
		379AA5B12CF1A94E0098505A /* PBXTargetDependency */ = {
			isa = PBXTargetDependency;
			target = 379AA5922CF1A94B0098505A /* SuperJak */;
			targetProxy = 379AA5B02CF1A94E0098505A /* PBXContainerItemProxy */;
		};
/* End PBXTargetDependency section */

/* Begin XCBuildConfiguration section */
		379AA5B72CF1A94E0098505A /* Dev */ = {
			isa = XCBuildConfiguration;
			baseConfigurationReference = 379AA5C42CF1A9AA0098505A /* Dev.xcconfig */;
			buildSettings = {
				ALWAYS_SEARCH_USER_PATHS = NO;
				ASSETCATALOG_COMPILER_GENERATE_SWIFT_ASSET_SYMBOL_EXTENSIONS = YES;
				CLANG_ANALYZER_NONNULL = YES;
				CLANG_ANALYZER_NUMBER_OBJECT_CONVERSION = YES_AGGRESSIVE;
				CLANG_CXX_LANGUAGE_STANDARD = "gnu++20";
				CLANG_ENABLE_MODULES = YES;
				CLANG_ENABLE_OBJC_ARC = YES;
				CLANG_ENABLE_OBJC_WEAK = YES;
				CLANG_WARN_BLOCK_CAPTURE_AUTORELEASING = YES;
				CLANG_WARN_BOOL_CONVERSION = YES;
				CLANG_WARN_COMMA = YES;
				CLANG_WARN_CONSTANT_CONVERSION = YES;
				CLANG_WARN_DEPRECATED_OBJC_IMPLEMENTATIONS = YES;
				CLANG_WARN_DIRECT_OBJC_ISA_USAGE = YES_ERROR;
				CLANG_WARN_DOCUMENTATION_COMMENTS = YES;
				CLANG_WARN_EMPTY_BODY = YES;
				CLANG_WARN_ENUM_CONVERSION = YES;
				CLANG_WARN_INFINITE_RECURSION = YES;
				CLANG_WARN_INT_CONVERSION = YES;
				CLANG_WARN_NON_LITERAL_NULL_CONVERSION = YES;
				CLANG_WARN_OBJC_IMPLICIT_RETAIN_SELF = YES;
				CLANG_WARN_OBJC_LITERAL_CONVERSION = YES;
				CLANG_WARN_OBJC_ROOT_CLASS = YES_ERROR;
				CLANG_WARN_QUOTED_INCLUDE_IN_FRAMEWORK_HEADER = YES;
				CLANG_WARN_RANGE_LOOP_ANALYSIS = YES;
				CLANG_WARN_STRICT_PROTOTYPES = YES;
				CLANG_WARN_SUSPICIOUS_MOVE = YES;
				CLANG_WARN_UNGUARDED_AVAILABILITY = YES_AGGRESSIVE;
				CLANG_WARN_UNREACHABLE_CODE = YES;
				CLANG_WARN__DUPLICATE_METHOD_MATCH = YES;
				COPY_PHASE_STRIP = NO;
				DEBUG_INFORMATION_FORMAT = dwarf;
				ENABLE_STRICT_OBJC_MSGSEND = YES;
				ENABLE_TESTABILITY = YES;
				ENABLE_USER_SCRIPT_SANDBOXING = YES;
				GCC_C_LANGUAGE_STANDARD = gnu17;
				GCC_DYNAMIC_NO_PIC = NO;
				GCC_NO_COMMON_BLOCKS = YES;
				GCC_OPTIMIZATION_LEVEL = 0;
				GCC_PREPROCESSOR_DEFINITIONS = (
					"DEBUG=1",
					"$(inherited)",
				);
				GCC_WARN_64_TO_32_BIT_CONVERSION = YES;
				GCC_WARN_ABOUT_RETURN_TYPE = YES_ERROR;
				GCC_WARN_UNDECLARED_SELECTOR = YES;
				GCC_WARN_UNINITIALIZED_AUTOS = YES_AGGRESSIVE;
				GCC_WARN_UNUSED_FUNCTION = YES;
				GCC_WARN_UNUSED_VARIABLE = YES;
				INFOPLIST_KEY_UISupportedInterfaceOrientations_iPad = "";
				IPHONEOS_DEPLOYMENT_TARGET = 17.5;
				LOCALIZATION_PREFERS_STRING_CATALOGS = YES;
				MTL_ENABLE_DEBUG_INFO = INCLUDE_SOURCE;
				MTL_FAST_MATH = YES;
				ONLY_ACTIVE_ARCH = YES;
				SDKROOT = iphoneos;
				SWIFT_ACTIVE_COMPILATION_CONDITIONS = "DEBUG $(inherited)";
				SWIFT_OPTIMIZATION_LEVEL = "-Onone";
			};
			name = Dev;
		};
		379AA5B82CF1A94E0098505A /* SIT */ = {
			isa = XCBuildConfiguration;
			baseConfigurationReference = 379AA5C62CF1AA3E0098505A /* SIT.xcconfig */;
			buildSettings = {
				ALWAYS_SEARCH_USER_PATHS = NO;
				ASSETCATALOG_COMPILER_GENERATE_SWIFT_ASSET_SYMBOL_EXTENSIONS = YES;
				CLANG_ANALYZER_NONNULL = YES;
				CLANG_ANALYZER_NUMBER_OBJECT_CONVERSION = YES_AGGRESSIVE;
				CLANG_CXX_LANGUAGE_STANDARD = "gnu++20";
				CLANG_ENABLE_MODULES = YES;
				CLANG_ENABLE_OBJC_ARC = YES;
				CLANG_ENABLE_OBJC_WEAK = YES;
				CLANG_WARN_BLOCK_CAPTURE_AUTORELEASING = YES;
				CLANG_WARN_BOOL_CONVERSION = YES;
				CLANG_WARN_COMMA = YES;
				CLANG_WARN_CONSTANT_CONVERSION = YES;
				CLANG_WARN_DEPRECATED_OBJC_IMPLEMENTATIONS = YES;
				CLANG_WARN_DIRECT_OBJC_ISA_USAGE = YES_ERROR;
				CLANG_WARN_DOCUMENTATION_COMMENTS = YES;
				CLANG_WARN_EMPTY_BODY = YES;
				CLANG_WARN_ENUM_CONVERSION = YES;
				CLANG_WARN_INFINITE_RECURSION = YES;
				CLANG_WARN_INT_CONVERSION = YES;
				CLANG_WARN_NON_LITERAL_NULL_CONVERSION = YES;
				CLANG_WARN_OBJC_IMPLICIT_RETAIN_SELF = YES;
				CLANG_WARN_OBJC_LITERAL_CONVERSION = YES;
				CLANG_WARN_OBJC_ROOT_CLASS = YES_ERROR;
				CLANG_WARN_QUOTED_INCLUDE_IN_FRAMEWORK_HEADER = YES;
				CLANG_WARN_RANGE_LOOP_ANALYSIS = YES;
				CLANG_WARN_STRICT_PROTOTYPES = YES;
				CLANG_WARN_SUSPICIOUS_MOVE = YES;
				CLANG_WARN_UNGUARDED_AVAILABILITY = YES_AGGRESSIVE;
				CLANG_WARN_UNREACHABLE_CODE = YES;
				CLANG_WARN__DUPLICATE_METHOD_MATCH = YES;
				COPY_PHASE_STRIP = NO;
				DEBUG_INFORMATION_FORMAT = "dwarf-with-dsym";
				ENABLE_NS_ASSERTIONS = NO;
				ENABLE_STRICT_OBJC_MSGSEND = YES;
				ENABLE_TESTABILITY = YES;
				ENABLE_USER_SCRIPT_SANDBOXING = YES;
				GCC_C_LANGUAGE_STANDARD = gnu17;
				GCC_NO_COMMON_BLOCKS = YES;
				GCC_WARN_64_TO_32_BIT_CONVERSION = YES;
				GCC_WARN_ABOUT_RETURN_TYPE = YES_ERROR;
				GCC_WARN_UNDECLARED_SELECTOR = YES;
				GCC_WARN_UNINITIALIZED_AUTOS = YES_AGGRESSIVE;
				GCC_WARN_UNUSED_FUNCTION = YES;
				GCC_WARN_UNUSED_VARIABLE = YES;
				INFOPLIST_KEY_UISupportedInterfaceOrientations_iPad = "";
				IPHONEOS_DEPLOYMENT_TARGET = 17.5;
				LOCALIZATION_PREFERS_STRING_CATALOGS = YES;
				MTL_ENABLE_DEBUG_INFO = NO;
				MTL_FAST_MATH = YES;
				SDKROOT = iphoneos;
				SWIFT_COMPILATION_MODE = wholemodule;
				VALIDATE_PRODUCT = NO;
			};
			name = SIT;
		};
		379AA5BA2CF1A94E0098505A /* Dev */ = {
			isa = XCBuildConfiguration;
			baseConfigurationReference = 379AA5C42CF1A9AA0098505A /* Dev.xcconfig */;
			buildSettings = {
				ASSETCATALOG_COMPILER_APPICON_NAME = AppIcon;
				ASSETCATALOG_COMPILER_GLOBAL_ACCENT_COLOR_NAME = AccentColor;
				CODE_SIGN_STYLE = Automatic;
				CURRENT_PROJECT_VERSION = 1;
				DEVELOPMENT_ASSET_PATHS = "\"SuperJak/Preview Content\"";
				DEVELOPMENT_TEAM = 3L73K388LH;
				ENABLE_PREVIEWS = YES;
				GENERATE_INFOPLIST_FILE = YES;
				INFOPLIST_FILE = SuperJak/Info.plist;
				INFOPLIST_KEY_CFBundleDisplayName = SuperJak;
				INFOPLIST_KEY_UIApplicationSceneManifest_Generation = YES;
				INFOPLIST_KEY_UIApplicationSupportsIndirectInputEvents = YES;
				INFOPLIST_KEY_UILaunchScreen_Generation = YES;
				INFOPLIST_KEY_UISupportedInterfaceOrientations = UIInterfaceOrientationPortrait;
				LD_RUNPATH_SEARCH_PATHS = (
					"$(inherited)",
					"@executable_path/Frameworks",
				);
				MARKETING_VERSION = 1.0;
				PRODUCT_BUNDLE_IDENTIFIER = com.arfansyah.denny.SuperJak;
				PRODUCT_NAME = "$(TARGET_NAME)";
				SUPPORTED_PLATFORMS = "iphoneos iphonesimulator";
				SUPPORTS_MACCATALYST = NO;
				SUPPORTS_MAC_DESIGNED_FOR_IPHONE_IPAD = NO;
				SUPPORTS_XR_DESIGNED_FOR_IPHONE_IPAD = NO;
				SWIFT_EMIT_LOC_STRINGS = YES;
				SWIFT_VERSION = 5.0;
				TARGETED_DEVICE_FAMILY = 1;
			};
			name = Dev;
		};
		379AA5BB2CF1A94E0098505A /* SIT */ = {
			isa = XCBuildConfiguration;
			baseConfigurationReference = 379AA5C62CF1AA3E0098505A /* SIT.xcconfig */;
			buildSettings = {
				ASSETCATALOG_COMPILER_APPICON_NAME = AppIcon;
				ASSETCATALOG_COMPILER_GLOBAL_ACCENT_COLOR_NAME = AccentColor;
				CODE_SIGN_STYLE = Automatic;
				CURRENT_PROJECT_VERSION = 1;
				DEVELOPMENT_ASSET_PATHS = "\"SuperJak/Preview Content\"";
				DEVELOPMENT_TEAM = 3L73K388LH;
				ENABLE_PREVIEWS = YES;
				GENERATE_INFOPLIST_FILE = YES;
				INFOPLIST_FILE = SuperJak/Info.plist;
				INFOPLIST_KEY_CFBundleDisplayName = SuperJak;
				INFOPLIST_KEY_UIApplicationSceneManifest_Generation = YES;
				INFOPLIST_KEY_UIApplicationSupportsIndirectInputEvents = YES;
				INFOPLIST_KEY_UILaunchScreen_Generation = YES;
				INFOPLIST_KEY_UISupportedInterfaceOrientations = UIInterfaceOrientationPortrait;
				LD_RUNPATH_SEARCH_PATHS = (
					"$(inherited)",
					"@executable_path/Frameworks",
				);
				MARKETING_VERSION = 1.0;
				PRODUCT_BUNDLE_IDENTIFIER = com.arfansyah.denny.SuperJak;
				PRODUCT_NAME = "$(TARGET_NAME)";
				SUPPORTED_PLATFORMS = "iphoneos iphonesimulator";
				SUPPORTS_MACCATALYST = NO;
				SUPPORTS_MAC_DESIGNED_FOR_IPHONE_IPAD = NO;
				SUPPORTS_XR_DESIGNED_FOR_IPHONE_IPAD = NO;
				SWIFT_EMIT_LOC_STRINGS = YES;
				SWIFT_VERSION = 5.0;
				TARGETED_DEVICE_FAMILY = 1;
			};
			name = SIT;
		};
		379AA5BD2CF1A94E0098505A /* Dev */ = {
			isa = XCBuildConfiguration;
			baseConfigurationReference = 379AA5C42CF1A9AA0098505A /* Dev.xcconfig */;
			buildSettings = {
				BUNDLE_LOADER = "$(TEST_HOST)";
				"BUNDLE_LOADER[arch=*]" = "$(TEST_HOST)";
				CODE_SIGN_STYLE = Automatic;
				CURRENT_PROJECT_VERSION = 1;
				DEVELOPMENT_TEAM = 3L73K388LH;
				GENERATE_INFOPLIST_FILE = YES;
				IPHONEOS_DEPLOYMENT_TARGET = 17.5;
				MARKETING_VERSION = 1.0;
				PRODUCT_BUNDLE_IDENTIFIER = com.arfansyah.denny.SuperJakTests;
				PRODUCT_NAME = "$(TARGET_NAME)";
				SWIFT_EMIT_LOC_STRINGS = NO;
				SWIFT_VERSION = 5.0;
				TARGETED_DEVICE_FAMILY = "1,2";
				TEST_HOST = "$(BUILT_PRODUCTS_DIR)/SuperJak SIT.app/$(BUNDLE_EXECUTABLE_FOLDER_PATH)/SuperJak SIT";
			};
			name = Dev;
		};
		379AA5BE2CF1A94E0098505A /* SIT */ = {
			isa = XCBuildConfiguration;
			baseConfigurationReference = 379AA5C62CF1AA3E0098505A /* SIT.xcconfig */;
			buildSettings = {
				BUNDLE_LOADER = "$(TEST_HOST)";
				CODE_SIGN_STYLE = Automatic;
				CURRENT_PROJECT_VERSION = 1;
				DEVELOPMENT_TEAM = 3L73K388LH;
				GENERATE_INFOPLIST_FILE = YES;
				IPHONEOS_DEPLOYMENT_TARGET = 17.5;
				MARKETING_VERSION = 1.0;
				PRODUCT_BUNDLE_IDENTIFIER = com.arfansyah.denny.SuperJakTests;
				PRODUCT_NAME = "$(TARGET_NAME)";
				SWIFT_EMIT_LOC_STRINGS = NO;
				SWIFT_VERSION = 5.0;
				TARGETED_DEVICE_FAMILY = "1,2";
				TEST_HOST = "$(BUILT_PRODUCTS_DIR)/SuperJak SIT.app/$(BUNDLE_EXECUTABLE_FOLDER_PATH)/SuperJak SIT";
			};
			name = SIT;
		};
		379AA5C02CF1A94E0098505A /* Dev */ = {
			isa = XCBuildConfiguration;
			baseConfigurationReference = 379AA5C42CF1A9AA0098505A /* Dev.xcconfig */;
			buildSettings = {
				CODE_SIGN_STYLE = Automatic;
				CURRENT_PROJECT_VERSION = 1;
				DEVELOPMENT_TEAM = 3L73K388LH;
				GENERATE_INFOPLIST_FILE = YES;
				MARKETING_VERSION = 1.0;
				PRODUCT_BUNDLE_IDENTIFIER = com.arfansyah.denny.SuperJakUITests;
				PRODUCT_NAME = "$(TARGET_NAME)";
				SWIFT_EMIT_LOC_STRINGS = NO;
				SWIFT_VERSION = 5.0;
				TARGETED_DEVICE_FAMILY = "1,2";
				TEST_TARGET_NAME = "SuperJak SIT";
			};
			name = Dev;
		};
		379AA5C12CF1A94E0098505A /* SIT */ = {
			isa = XCBuildConfiguration;
			baseConfigurationReference = 379AA5C62CF1AA3E0098505A /* SIT.xcconfig */;
			buildSettings = {
				CODE_SIGN_STYLE = Automatic;
				CURRENT_PROJECT_VERSION = 1;
				DEVELOPMENT_TEAM = 3L73K388LH;
				GENERATE_INFOPLIST_FILE = YES;
				MARKETING_VERSION = 1.0;
				PRODUCT_BUNDLE_IDENTIFIER = com.arfansyah.denny.SuperJakUITests;
				PRODUCT_NAME = "$(TARGET_NAME)";
				SWIFT_EMIT_LOC_STRINGS = NO;
				SWIFT_VERSION = 5.0;
				TARGETED_DEVICE_FAMILY = "1,2";
				TEST_TARGET_NAME = "SuperJak SIT";
			};
			name = SIT;
		};
		37CDA1AC2CF1AE590060679F /* Prod */ = {
			isa = XCBuildConfiguration;
			baseConfigurationReference = 379AA5C82CF1AA740098505A /* Prod.xcconfig */;
			buildSettings = {
				ALWAYS_SEARCH_USER_PATHS = NO;
				ASSETCATALOG_COMPILER_GENERATE_SWIFT_ASSET_SYMBOL_EXTENSIONS = YES;
				CLANG_ANALYZER_NONNULL = YES;
				CLANG_ANALYZER_NUMBER_OBJECT_CONVERSION = YES_AGGRESSIVE;
				CLANG_CXX_LANGUAGE_STANDARD = "gnu++20";
				CLANG_ENABLE_MODULES = YES;
				CLANG_ENABLE_OBJC_ARC = YES;
				CLANG_ENABLE_OBJC_WEAK = YES;
				CLANG_WARN_BLOCK_CAPTURE_AUTORELEASING = YES;
				CLANG_WARN_BOOL_CONVERSION = YES;
				CLANG_WARN_COMMA = YES;
				CLANG_WARN_CONSTANT_CONVERSION = YES;
				CLANG_WARN_DEPRECATED_OBJC_IMPLEMENTATIONS = YES;
				CLANG_WARN_DIRECT_OBJC_ISA_USAGE = YES_ERROR;
				CLANG_WARN_DOCUMENTATION_COMMENTS = YES;
				CLANG_WARN_EMPTY_BODY = YES;
				CLANG_WARN_ENUM_CONVERSION = YES;
				CLANG_WARN_INFINITE_RECURSION = YES;
				CLANG_WARN_INT_CONVERSION = YES;
				CLANG_WARN_NON_LITERAL_NULL_CONVERSION = YES;
				CLANG_WARN_OBJC_IMPLICIT_RETAIN_SELF = YES;
				CLANG_WARN_OBJC_LITERAL_CONVERSION = YES;
				CLANG_WARN_OBJC_ROOT_CLASS = YES_ERROR;
				CLANG_WARN_QUOTED_INCLUDE_IN_FRAMEWORK_HEADER = YES;
				CLANG_WARN_RANGE_LOOP_ANALYSIS = YES;
				CLANG_WARN_STRICT_PROTOTYPES = YES;
				CLANG_WARN_SUSPICIOUS_MOVE = YES;
				CLANG_WARN_UNGUARDED_AVAILABILITY = YES_AGGRESSIVE;
				CLANG_WARN_UNREACHABLE_CODE = YES;
				CLANG_WARN__DUPLICATE_METHOD_MATCH = YES;
				COPY_PHASE_STRIP = NO;
				DEBUG_INFORMATION_FORMAT = "dwarf-with-dsym";
				ENABLE_NS_ASSERTIONS = NO;
				ENABLE_STRICT_OBJC_MSGSEND = YES;
				ENABLE_USER_SCRIPT_SANDBOXING = YES;
				GCC_C_LANGUAGE_STANDARD = gnu17;
				GCC_NO_COMMON_BLOCKS = YES;
				GCC_WARN_64_TO_32_BIT_CONVERSION = YES;
				GCC_WARN_ABOUT_RETURN_TYPE = YES_ERROR;
				GCC_WARN_UNDECLARED_SELECTOR = YES;
				GCC_WARN_UNINITIALIZED_AUTOS = YES_AGGRESSIVE;
				GCC_WARN_UNUSED_FUNCTION = YES;
				GCC_WARN_UNUSED_VARIABLE = YES;
				INFOPLIST_KEY_UISupportedInterfaceOrientations_iPad = "";
				IPHONEOS_DEPLOYMENT_TARGET = 17.5;
				LOCALIZATION_PREFERS_STRING_CATALOGS = YES;
				MTL_ENABLE_DEBUG_INFO = NO;
				MTL_FAST_MATH = YES;
				SDKROOT = iphoneos;
				SWIFT_COMPILATION_MODE = wholemodule;
				VALIDATE_PRODUCT = YES;
			};
			name = Prod;
		};
		37CDA1AD2CF1AE590060679F /* Prod */ = {
			isa = XCBuildConfiguration;
			baseConfigurationReference = 379AA5C82CF1AA740098505A /* Prod.xcconfig */;
			buildSettings = {
				ASSETCATALOG_COMPILER_APPICON_NAME = AppIcon;
				ASSETCATALOG_COMPILER_GLOBAL_ACCENT_COLOR_NAME = AccentColor;
				CODE_SIGN_STYLE = Automatic;
				CURRENT_PROJECT_VERSION = 1;
				DEVELOPMENT_ASSET_PATHS = "\"SuperJak/Preview Content\"";
				DEVELOPMENT_TEAM = 3L73K388LH;
				ENABLE_PREVIEWS = YES;
				GENERATE_INFOPLIST_FILE = YES;
				INFOPLIST_FILE = SuperJak/Info.plist;
				INFOPLIST_KEY_CFBundleDisplayName = SuperJak;
				INFOPLIST_KEY_UIApplicationSceneManifest_Generation = YES;
				INFOPLIST_KEY_UIApplicationSupportsIndirectInputEvents = YES;
				INFOPLIST_KEY_UILaunchScreen_Generation = YES;
				INFOPLIST_KEY_UISupportedInterfaceOrientations = UIInterfaceOrientationPortrait;
				LD_RUNPATH_SEARCH_PATHS = (
					"$(inherited)",
					"@executable_path/Frameworks",
				);
				MARKETING_VERSION = 1.0;
				PRODUCT_BUNDLE_IDENTIFIER = com.arfansyah.denny.SuperJak;
				PRODUCT_NAME = "$(TARGET_NAME)";
				SUPPORTED_PLATFORMS = "iphoneos iphonesimulator";
				SUPPORTS_MACCATALYST = NO;
				SUPPORTS_MAC_DESIGNED_FOR_IPHONE_IPAD = NO;
				SUPPORTS_XR_DESIGNED_FOR_IPHONE_IPAD = NO;
				SWIFT_EMIT_LOC_STRINGS = YES;
				SWIFT_VERSION = 5.0;
				TARGETED_DEVICE_FAMILY = 1;
			};
			name = Prod;
		};
		37CDA1AE2CF1AE590060679F /* Prod */ = {
			isa = XCBuildConfiguration;
			baseConfigurationReference = 379AA5C82CF1AA740098505A /* Prod.xcconfig */;
			buildSettings = {
				BUNDLE_LOADER = "$(TEST_HOST)";
				CODE_SIGN_STYLE = Automatic;
				CURRENT_PROJECT_VERSION = 1;
				DEVELOPMENT_TEAM = 3L73K388LH;
				GENERATE_INFOPLIST_FILE = YES;
				IPHONEOS_DEPLOYMENT_TARGET = 17.5;
				MARKETING_VERSION = 1.0;
				PRODUCT_BUNDLE_IDENTIFIER = com.arfansyah.denny.SuperJakTests;
				PRODUCT_NAME = "$(TARGET_NAME)";
				SWIFT_EMIT_LOC_STRINGS = NO;
				SWIFT_VERSION = 5.0;
				TARGETED_DEVICE_FAMILY = "1,2";
				TEST_HOST = "$(BUILT_PRODUCTS_DIR)/SuperJak SIT.app/$(BUNDLE_EXECUTABLE_FOLDER_PATH)/SuperJak SIT";
			};
			name = Prod;
		};
		37CDA1AF2CF1AE590060679F /* Prod */ = {
			isa = XCBuildConfiguration;
			baseConfigurationReference = 379AA5C82CF1AA740098505A /* Prod.xcconfig */;
			buildSettings = {
				CODE_SIGN_STYLE = Automatic;
				CURRENT_PROJECT_VERSION = 1;
				DEVELOPMENT_TEAM = 3L73K388LH;
				GENERATE_INFOPLIST_FILE = YES;
				MARKETING_VERSION = 1.0;
				PRODUCT_BUNDLE_IDENTIFIER = com.arfansyah.denny.SuperJakUITests;
				PRODUCT_NAME = "$(TARGET_NAME)";
				SWIFT_EMIT_LOC_STRINGS = NO;
				SWIFT_VERSION = 5.0;
				TARGETED_DEVICE_FAMILY = "1,2";
				TEST_TARGET_NAME = "SuperJak SIT";
			};
			name = Prod;
		};
		37CDA1CE2CF1B5DA0060679F /* Dev */ = {
			isa = XCBuildConfiguration;
			baseConfigurationReference = 379AA5C42CF1A9AA0098505A /* Dev.xcconfig */;
			buildSettings = {
				ASSETCATALOG_COMPILER_APPICON_NAME = "AppIcon-DEV";
				ASSETCATALOG_COMPILER_GLOBAL_ACCENT_COLOR_NAME = AccentColor;
				BASE_URL = "https://thajakarandeveloper.com/dev/api";
				CODE_SIGN_STYLE = Automatic;
				CURRENT_PROJECT_VERSION = 1;
				DEVELOPMENT_ASSET_PATHS = "\"SuperJak/Preview Content\"";
				DEVELOPMENT_TEAM = 3L73K388LH;
				ENABLE_PREVIEWS = YES;
				GENERATE_INFOPLIST_FILE = YES;
				INFOPLIST_FILE = "SuperJak-Dev-Info.plist";
				INFOPLIST_KEY_CFBundleDisplayName = "SuperJak Dev";
				INFOPLIST_KEY_UIApplicationSceneManifest_Generation = YES;
				INFOPLIST_KEY_UIApplicationSupportsIndirectInputEvents = YES;
				INFOPLIST_KEY_UILaunchScreen_Generation = YES;
				INFOPLIST_KEY_UIStatusBarStyle = "";
				INFOPLIST_KEY_UISupportedInterfaceOrientations = UIInterfaceOrientationPortrait;
				INFOPLIST_KEY_UISupportedInterfaceOrientations_iPad = "";
				LD_RUNPATH_SEARCH_PATHS = (
					"$(inherited)",
					"@executable_path/Frameworks",
				);
				MARKETING_VERSION = 1.0;
				PRODUCT_BUNDLE_IDENTIFIER = com.arfansyah.denny.SuperJak.dev;
				PRODUCT_NAME = "$(TARGET_NAME)";
				SUPPORTED_PLATFORMS = "iphoneos iphonesimulator";
				SUPPORTS_MACCATALYST = NO;
				SUPPORTS_MAC_DESIGNED_FOR_IPHONE_IPAD = NO;
				SUPPORTS_XR_DESIGNED_FOR_IPHONE_IPAD = NO;
				SWIFT_EMIT_LOC_STRINGS = YES;
				SWIFT_VERSION = 5.0;
				TARGETED_DEVICE_FAMILY = 1;
			};
			name = Dev;
		};
		37CDA1CF2CF1B5DA0060679F /* SIT */ = {
			isa = XCBuildConfiguration;
			baseConfigurationReference = 379AA5C62CF1AA3E0098505A /* SIT.xcconfig */;
			buildSettings = {
				ASSETCATALOG_COMPILER_APPICON_NAME = "AppIcon-DEV";
				ASSETCATALOG_COMPILER_GLOBAL_ACCENT_COLOR_NAME = AccentColor;
				BASE_URL = "https://thajakarandeveloper.com/sit/api";
				CODE_SIGN_STYLE = Automatic;
				CURRENT_PROJECT_VERSION = 1;
				DEVELOPMENT_ASSET_PATHS = "\"SuperJak/Preview Content\"";
				DEVELOPMENT_TEAM = 3L73K388LH;
				ENABLE_PREVIEWS = YES;
				GENERATE_INFOPLIST_FILE = YES;
				INFOPLIST_FILE = "SuperJak-Dev-Info.plist";
				INFOPLIST_KEY_CFBundleDisplayName = "SuperJak Dev";
				INFOPLIST_KEY_UIApplicationSceneManifest_Generation = YES;
				INFOPLIST_KEY_UIApplicationSupportsIndirectInputEvents = YES;
				INFOPLIST_KEY_UILaunchScreen_Generation = YES;
				INFOPLIST_KEY_UIStatusBarStyle = "";
				INFOPLIST_KEY_UISupportedInterfaceOrientations = UIInterfaceOrientationPortrait;
				INFOPLIST_KEY_UISupportedInterfaceOrientations_iPad = "";
				LD_RUNPATH_SEARCH_PATHS = (
					"$(inherited)",
					"@executable_path/Frameworks",
				);
				MARKETING_VERSION = 1.0;
				PRODUCT_BUNDLE_IDENTIFIER = com.arfansyah.denny.SuperJak.sit;
				PRODUCT_NAME = "$(TARGET_NAME)";
				SUPPORTED_PLATFORMS = "iphoneos iphonesimulator";
				SUPPORTS_MACCATALYST = NO;
				SUPPORTS_MAC_DESIGNED_FOR_IPHONE_IPAD = NO;
				SUPPORTS_XR_DESIGNED_FOR_IPHONE_IPAD = NO;
				SWIFT_EMIT_LOC_STRINGS = YES;
				SWIFT_VERSION = 5.0;
				TARGETED_DEVICE_FAMILY = 1;
			};
			name = SIT;
		};
		37CDA1D02CF1B5DA0060679F /* Prod */ = {
			isa = XCBuildConfiguration;
			baseConfigurationReference = 379AA5C82CF1AA740098505A /* Prod.xcconfig */;
			buildSettings = {
				ASSETCATALOG_COMPILER_APPICON_NAME = "AppIcon-DEV";
				ASSETCATALOG_COMPILER_GLOBAL_ACCENT_COLOR_NAME = AccentColor;
				BASE_URL = "https://thajakarandeveloper.com/api";
				CODE_SIGN_STYLE = Automatic;
				CURRENT_PROJECT_VERSION = 1;
				DEVELOPMENT_ASSET_PATHS = "\"SuperJak/Preview Content\"";
				DEVELOPMENT_TEAM = 3L73K388LH;
				ENABLE_PREVIEWS = YES;
				GENERATE_INFOPLIST_FILE = YES;
				INFOPLIST_FILE = "SuperJak-Dev-Info.plist";
				INFOPLIST_KEY_CFBundleDisplayName = "SuperJak Dev";
				INFOPLIST_KEY_UIApplicationSceneManifest_Generation = YES;
				INFOPLIST_KEY_UIApplicationSupportsIndirectInputEvents = YES;
				INFOPLIST_KEY_UILaunchScreen_Generation = YES;
				INFOPLIST_KEY_UIStatusBarStyle = "";
				INFOPLIST_KEY_UISupportedInterfaceOrientations = UIInterfaceOrientationPortrait;
				INFOPLIST_KEY_UISupportedInterfaceOrientations_iPad = "";
				LD_RUNPATH_SEARCH_PATHS = (
					"$(inherited)",
					"@executable_path/Frameworks",
				);
				MARKETING_VERSION = 1.0;
				PRODUCT_BUNDLE_IDENTIFIER = com.arfansyah.denny.SuperJak;
				PRODUCT_NAME = "$(TARGET_NAME)";
				SUPPORTED_PLATFORMS = "iphoneos iphonesimulator";
				SUPPORTS_MACCATALYST = NO;
				SUPPORTS_MAC_DESIGNED_FOR_IPHONE_IPAD = NO;
				SUPPORTS_XR_DESIGNED_FOR_IPHONE_IPAD = NO;
				SWIFT_EMIT_LOC_STRINGS = YES;
				SWIFT_VERSION = 5.0;
				TARGETED_DEVICE_FAMILY = 1;
			};
			name = Prod;
		};
		37CDA1DF2CF1B6A20060679F /* Dev */ = {
			isa = XCBuildConfiguration;
			baseConfigurationReference = 379AA5C42CF1A9AA0098505A /* Dev.xcconfig */;
			buildSettings = {
				ASSETCATALOG_COMPILER_APPICON_NAME = "AppIcon-SIT";
				ASSETCATALOG_COMPILER_GLOBAL_ACCENT_COLOR_NAME = AccentColor;
				CODE_SIGN_STYLE = Automatic;
				CURRENT_PROJECT_VERSION = 1;
				DEVELOPMENT_ASSET_PATHS = "\"SuperJak/Preview Content\"";
				DEVELOPMENT_TEAM = 3L73K388LH;
				ENABLE_PREVIEWS = YES;
				GENERATE_INFOPLIST_FILE = YES;
				INFOPLIST_FILE = "SuperJak-SIT-Info.plist";
				INFOPLIST_KEY_CFBundleDisplayName = "SuperJak SIT";
				INFOPLIST_KEY_UIApplicationSceneManifest_Generation = YES;
				INFOPLIST_KEY_UIApplicationSupportsIndirectInputEvents = YES;
				INFOPLIST_KEY_UILaunchScreen_Generation = YES;
				INFOPLIST_KEY_UISupportedInterfaceOrientations = UIInterfaceOrientationPortrait;
				LD_RUNPATH_SEARCH_PATHS = (
					"$(inherited)",
					"@executable_path/Frameworks",
				);
				MARKETING_VERSION = 1.0;
				NEW_SETTING = "";
				ONLY_ACTIVE_ARCH = NO;
				PRODUCT_BUNDLE_IDENTIFIER = com.arfansyah.denny.SuperJak.sit;
				PRODUCT_NAME = "$(TARGET_NAME)";
				SUPPORTED_PLATFORMS = "iphoneos iphonesimulator";
				SUPPORTS_MACCATALYST = NO;
				SUPPORTS_MAC_DESIGNED_FOR_IPHONE_IPAD = NO;
				SUPPORTS_XR_DESIGNED_FOR_IPHONE_IPAD = NO;
				SWIFT_EMIT_LOC_STRINGS = YES;
				SWIFT_VERSION = 5.0;
				TARGETED_DEVICE_FAMILY = 1;
			};
			name = Dev;
		};
		37CDA1E02CF1B6A20060679F /* SIT */ = {
			isa = XCBuildConfiguration;
			baseConfigurationReference = 379AA5C62CF1AA3E0098505A /* SIT.xcconfig */;
			buildSettings = {
				ASSETCATALOG_COMPILER_APPICON_NAME = "AppIcon-SIT";
				ASSETCATALOG_COMPILER_GLOBAL_ACCENT_COLOR_NAME = AccentColor;
				CODE_SIGN_STYLE = Automatic;
				CURRENT_PROJECT_VERSION = 1;
				DEVELOPMENT_ASSET_PATHS = "\"SuperJak/Preview Content\"";
				DEVELOPMENT_TEAM = 3L73K388LH;
				ENABLE_PREVIEWS = YES;
				GENERATE_INFOPLIST_FILE = YES;
				INFOPLIST_FILE = "SuperJak-SIT-Info.plist";
				INFOPLIST_KEY_CFBundleDisplayName = "SuperJak SIT";
				INFOPLIST_KEY_UIApplicationSceneManifest_Generation = YES;
				INFOPLIST_KEY_UIApplicationSupportsIndirectInputEvents = YES;
				INFOPLIST_KEY_UILaunchScreen_Generation = YES;
				INFOPLIST_KEY_UISupportedInterfaceOrientations = UIInterfaceOrientationPortrait;
				LD_RUNPATH_SEARCH_PATHS = (
					"$(inherited)",
					"@executable_path/Frameworks",
				);
				MARKETING_VERSION = 1.0;
				NEW_SETTING = "";
				ONLY_ACTIVE_ARCH = YES;
				PRODUCT_BUNDLE_IDENTIFIER = com.arfansyah.denny.SuperJak.sit;
				PRODUCT_NAME = "$(TARGET_NAME)";
				SUPPORTED_PLATFORMS = "iphoneos iphonesimulator";
				SUPPORTS_MACCATALYST = NO;
				SUPPORTS_MAC_DESIGNED_FOR_IPHONE_IPAD = NO;
				SUPPORTS_XR_DESIGNED_FOR_IPHONE_IPAD = NO;
				SWIFT_EMIT_LOC_STRINGS = YES;
				SWIFT_VERSION = 5.0;
				TARGETED_DEVICE_FAMILY = 1;
			};
			name = SIT;
		};
		37CDA1E12CF1B6A20060679F /* Prod */ = {
			isa = XCBuildConfiguration;
			baseConfigurationReference = 379AA5C82CF1AA740098505A /* Prod.xcconfig */;
			buildSettings = {
				ASSETCATALOG_COMPILER_APPICON_NAME = "AppIcon-SIT";
				ASSETCATALOG_COMPILER_GLOBAL_ACCENT_COLOR_NAME = AccentColor;
				CODE_SIGN_STYLE = Automatic;
				CURRENT_PROJECT_VERSION = 1;
				DEVELOPMENT_ASSET_PATHS = "\"SuperJak/Preview Content\"";
				DEVELOPMENT_TEAM = 3L73K388LH;
				ENABLE_PREVIEWS = YES;
				GENERATE_INFOPLIST_FILE = YES;
				INFOPLIST_FILE = "SuperJak-SIT-Info.plist";
				INFOPLIST_KEY_CFBundleDisplayName = "SuperJak SIT";
				INFOPLIST_KEY_UIApplicationSceneManifest_Generation = YES;
				INFOPLIST_KEY_UIApplicationSupportsIndirectInputEvents = YES;
				INFOPLIST_KEY_UILaunchScreen_Generation = YES;
				INFOPLIST_KEY_UISupportedInterfaceOrientations = UIInterfaceOrientationPortrait;
				LD_RUNPATH_SEARCH_PATHS = (
					"$(inherited)",
					"@executable_path/Frameworks",
				);
				MARKETING_VERSION = 1.0;
				NEW_SETTING = "";
				PRODUCT_BUNDLE_IDENTIFIER = com.arfansyah.denny.SuperJak.sit;
				PRODUCT_NAME = "$(TARGET_NAME)";
				SUPPORTED_PLATFORMS = "iphoneos iphonesimulator";
				SUPPORTS_MACCATALYST = NO;
				SUPPORTS_MAC_DESIGNED_FOR_IPHONE_IPAD = NO;
				SUPPORTS_XR_DESIGNED_FOR_IPHONE_IPAD = NO;
				SWIFT_EMIT_LOC_STRINGS = YES;
				SWIFT_VERSION = 5.0;
				TARGETED_DEVICE_FAMILY = 1;
			};
			name = Prod;
		};
/* End XCBuildConfiguration section */

/* Begin XCConfigurationList section */
		379AA58E2CF1A94B0098505A /* Build configuration list for PBXProject "SuperJak" */ = {
			isa = XCConfigurationList;
			buildConfigurations = (
				379AA5B72CF1A94E0098505A /* Dev */,
				379AA5B82CF1A94E0098505A /* SIT */,
				37CDA1AC2CF1AE590060679F /* Prod */,
			);
			defaultConfigurationIsVisible = 0;
			defaultConfigurationName = Prod;
		};
		379AA5B92CF1A94E0098505A /* Build configuration list for PBXNativeTarget "SuperJak" */ = {
			isa = XCConfigurationList;
			buildConfigurations = (
				379AA5BA2CF1A94E0098505A /* Dev */,
				379AA5BB2CF1A94E0098505A /* SIT */,
				37CDA1AD2CF1AE590060679F /* Prod */,
			);
			defaultConfigurationIsVisible = 0;
			defaultConfigurationName = Prod;
		};
		379AA5BC2CF1A94E0098505A /* Build configuration list for PBXNativeTarget "SuperJakTests" */ = {
			isa = XCConfigurationList;
			buildConfigurations = (
				379AA5BD2CF1A94E0098505A /* Dev */,
				379AA5BE2CF1A94E0098505A /* SIT */,
				37CDA1AE2CF1AE590060679F /* Prod */,
			);
			defaultConfigurationIsVisible = 0;
			defaultConfigurationName = Prod;
		};
		379AA5BF2CF1A94E0098505A /* Build configuration list for PBXNativeTarget "SuperJakUITests" */ = {
			isa = XCConfigurationList;
			buildConfigurations = (
				379AA5C02CF1A94E0098505A /* Dev */,
				379AA5C12CF1A94E0098505A /* SIT */,
				37CDA1AF2CF1AE590060679F /* Prod */,
			);
			defaultConfigurationIsVisible = 0;
			defaultConfigurationName = Prod;
		};
		37CDA1CD2CF1B5DA0060679F /* Build configuration list for PBXNativeTarget "SuperJak Dev" */ = {
			isa = XCConfigurationList;
			buildConfigurations = (
				37CDA1CE2CF1B5DA0060679F /* Dev */,
				37CDA1CF2CF1B5DA0060679F /* SIT */,
				37CDA1D02CF1B5DA0060679F /* Prod */,
			);
			defaultConfigurationIsVisible = 0;
			defaultConfigurationName = Prod;
		};
		37CDA1DE2CF1B6A20060679F /* Build configuration list for PBXNativeTarget "SuperJak SIT" */ = {
			isa = XCConfigurationList;
			buildConfigurations = (
				37CDA1DF2CF1B6A20060679F /* Dev */,
				37CDA1E02CF1B6A20060679F /* SIT */,
				37CDA1E12CF1B6A20060679F /* Prod */,
			);
			defaultConfigurationIsVisible = 0;
			defaultConfigurationName = Prod;
		};
/* End XCConfigurationList section */

/* Begin XCRemoteSwiftPackageReference section */
		37E18F7E2CF1FB8700177D8F /* XCRemoteSwiftPackageReference "netfox" */ = {
			isa = XCRemoteSwiftPackageReference;
			repositoryURL = "https://github.com/kasketis/netfox";
			requirement = {
				kind = upToNextMajorVersion;
				minimumVersion = 1.21.0;
			};
		};
		37E18F832CF1FCA000177D8F /* XCRemoteSwiftPackageReference "SwiftLintPlugins" */ = {
			isa = XCRemoteSwiftPackageReference;
			repositoryURL = "https://github.com/SimplyDanny/SwiftLintPlugins";
			requirement = {
				kind = upToNextMajorVersion;
				minimumVersion = 0.57.0;
			};
		};
/* End XCRemoteSwiftPackageReference section */

/* Begin XCSwiftPackageProductDependency section */
		37E18F7F2CF1FB8700177D8F /* netfox */ = {
			isa = XCSwiftPackageProductDependency;
			package = 37E18F7E2CF1FB8700177D8F /* XCRemoteSwiftPackageReference "netfox" */;
			productName = netfox;
		};
		37E18F812CF1FB9C00177D8F /* netfox */ = {
			isa = XCSwiftPackageProductDependency;
			package = 37E18F7E2CF1FB8700177D8F /* XCRemoteSwiftPackageReference "netfox" */;
			productName = netfox;
		};
/* End XCSwiftPackageProductDependency section */
	};
	rootObject = 379AA58B2CF1A94B0098505A /* Project object */;
}
